
Microsoft Visual Studio Solution File, Format Version 12.00
# Visual Studio Version 17
VisualStudioVersion = 17.1.32328.378
MinimumVisualStudioVersion = 10.0.40219.1
Project("{8BC9CEB8-8B4A-11D0-8D11-00A0C91BC942}") = "04_22_ZAP653_P7_Akinator", "04_22_ZAP653_P7_Akinator.vcxproj", "{F5EEB81E-E89F-4951-BE4E-7DDC117DB08F}"
EndProject
Global
	GlobalSection(SolutionConfigurationPlatforms) = preSolution
		Debug|x64 = Debug|x64
		Debug|x86 = Debug|x86
		Release|x64 = Release|x64
		Release|x86 = Release|x86
	EndGlobalSection
	GlobalSection(ProjectConfigurationPlatforms) = postSolution
		{F5EEB81E-E89F-4951-BE4E-7DDC117DB08F}.Debug|x64.ActiveCfg = Debug|x64
		{F5EEB81E-E89F-4951-BE4E-7DDC117DB08F}.Debug|x64.Build.0 = Debug|x64
		{F5EEB81E-E89F-4951-BE4E-7DDC117DB08F}.Debug|x86.ActiveCfg = Debug|Win32
		{F5EEB81E-E89F-4951-BE4E-7DDC117DB08F}.Debug|x86.Build.0 = Debug|Win32
		{F5EEB81E-E89F-4951-BE4E-7DDC117DB08F}.Release|x64.ActiveCfg = Release|x64
		{F5EEB81E-E89F-4951-BE4E-7DDC117DB08F}.Release|x64.Build.0 = Release|x64
		{F5EEB81E-E89F-4951-BE4E-7DDC117DB08F}.Release|x86.ActiveCfg = Release|Win32
		{F5EEB81E-E89F-4951-BE4E-7DDC117DB08F}.Release|x86.Build.0 = Release|Win32
	EndGlobalSection
	GlobalSection(SolutionProperties) = preSolution
		HideSolutionNode = FALSE
	EndGlobalSection
	GlobalSection(ExtensibilityGlobals) = postSolution
		SolutionGuid = {19C4E973-216D-4C00-B23D-E0CBC982A037}
	EndGlobalSection
EndGlobal
